
Microsoft Visual Studio Solution File, Format Version 12.00
# Visual Studio Version 16
VisualStudioVersion = 16.0.29009.5
MinimumVisualStudioVersion = 10.0.40219.1
Project("{9A19103F-16F7-4668-BE54-9A1E7A4F7556}") = "LGDShop.API", "LGDShop.API\LGDShop.API.csproj", "{E08D1E83-9230-40AD-B7DE-5C3404D9594F}"
EndProject
Project("{9A19103F-16F7-4668-BE54-9A1E7A4F7556}") = "StsServerIdentity", "LGDShop.STS\StsServerIdentity.csproj", "{ECDA0DEE-A0A8-42BE-8F94-233D1CA2BB4A}"
EndProject
Project("{2150E333-8FDC-42A3-9474-1A3956D46DE8}") = "test", "test", "{1697E31D-D486-4029-8A46-835F57E1AAA3}"
EndProject
Project("{9A19103F-16F7-4668-BE54-9A1E7A4F7556}") = "LGDShop.Services", "LGDShop.Services\LGDShop.Services.csproj", "{9F290364-EE42-4551-AA36-5DF2BDCB0604}"
EndProject
Project("{9A19103F-16F7-4668-BE54-9A1E7A4F7556}") = "LGDShop.DataAccess", "LGDShop.DataAccess\LGDShop.DataAccess.csproj", "{62B9E39B-8AF6-4102-9B46-0A2822A60E32}"
EndProject
Project("{9A19103F-16F7-4668-BE54-9A1E7A4F7556}") = "LGDShop.Domain", "LGDShop.Domain\LGDShop.Domain.csproj", "{F4B7ED74-3791-4294-995F-CC392938D5F1}"
EndProject
Project("{2150E333-8FDC-42A3-9474-1A3956D46DE8}") = "docs", "docs", "{56D2F4A8-DE7F-47DF-837B-73FE048C8DB5}"
	ProjectSection(SolutionItems) = preProject
		HOWTO_update_entity_property.txt = HOWTO_update_entity_property.txt
		Tricky_notes.txt = Tricky_notes.txt
	EndProjectSection
EndProject
Project("{2150E333-8FDC-42A3-9474-1A3956D46DE8}") = "Solution Items", "Solution Items", "{991015CC-8124-4A3B-9744-A05C3AD4DA3A}"
	ProjectSection(SolutionItems) = preProject
		README.md = README.md
	EndProjectSection
EndProject
Global
	GlobalSection(SolutionConfigurationPlatforms) = preSolution
		Debug|Any CPU = Debug|Any CPU
		Release|Any CPU = Release|Any CPU
	EndGlobalSection
	GlobalSection(ProjectConfigurationPlatforms) = postSolution
		{E08D1E83-9230-40AD-B7DE-5C3404D9594F}.Debug|Any CPU.ActiveCfg = Debug|Any CPU
		{E08D1E83-9230-40AD-B7DE-5C3404D9594F}.Debug|Any CPU.Build.0 = Debug|Any CPU
		{E08D1E83-9230-40AD-B7DE-5C3404D9594F}.Release|Any CPU.ActiveCfg = Release|Any CPU
		{E08D1E83-9230-40AD-B7DE-5C3404D9594F}.Release|Any CPU.Build.0 = Release|Any CPU
		{ECDA0DEE-A0A8-42BE-8F94-233D1CA2BB4A}.Debug|Any CPU.ActiveCfg = Debug|Any CPU
		{ECDA0DEE-A0A8-42BE-8F94-233D1CA2BB4A}.Debug|Any CPU.Build.0 = Debug|Any CPU
		{ECDA0DEE-A0A8-42BE-8F94-233D1CA2BB4A}.Release|Any CPU.ActiveCfg = Release|Any CPU
		{ECDA0DEE-A0A8-42BE-8F94-233D1CA2BB4A}.Release|Any CPU.Build.0 = Release|Any CPU
		{9F290364-EE42-4551-AA36-5DF2BDCB0604}.Debug|Any CPU.ActiveCfg = Debug|Any CPU
		{9F290364-EE42-4551-AA36-5DF2BDCB0604}.Debug|Any CPU.Build.0 = Debug|Any CPU
		{9F290364-EE42-4551-AA36-5DF2BDCB0604}.Release|Any CPU.ActiveCfg = Release|Any CPU
		{9F290364-EE42-4551-AA36-5DF2BDCB0604}.Release|Any CPU.Build.0 = Release|Any CPU
		{62B9E39B-8AF6-4102-9B46-0A2822A60E32}.Debug|Any CPU.ActiveCfg = Debug|Any CPU
		{62B9E39B-8AF6-4102-9B46-0A2822A60E32}.Debug|Any CPU.Build.0 = Debug|Any CPU
		{62B9E39B-8AF6-4102-9B46-0A2822A60E32}.Release|Any CPU.ActiveCfg = Release|Any CPU
		{62B9E39B-8AF6-4102-9B46-0A2822A60E32}.Release|Any CPU.Build.0 = Release|Any CPU
		{F4B7ED74-3791-4294-995F-CC392938D5F1}.Debug|Any CPU.ActiveCfg = Debug|Any CPU
		{F4B7ED74-3791-4294-995F-CC392938D5F1}.Debug|Any CPU.Build.0 = Debug|Any CPU
		{F4B7ED74-3791-4294-995F-CC392938D5F1}.Release|Any CPU.ActiveCfg = Release|Any CPU
		{F4B7ED74-3791-4294-995F-CC392938D5F1}.Release|Any CPU.Build.0 = Release|Any CPU
	EndGlobalSection
	GlobalSection(SolutionProperties) = preSolution
		HideSolutionNode = FALSE
	EndGlobalSection
	GlobalSection(ExtensibilityGlobals) = postSolution
		SolutionGuid = {9508573A-80BE-45FA-A581-E2BF08C510F6}
	EndGlobalSection
EndGlobal
